github.com/gethiox/yeelight-go v0.0.0-20220821173327-ae81108fbb3a h1:QFavEhQqlnBvt5mtpL1LfdTKLJaR9DWtiNSkt0N3ceY=
github.com/gethiox/yeelight-go v0.0.0-20220821173327-ae81108fbb3a/go.mod h1:P8/K9iw3TA1I0LC0B8ijchM08CZTSRgC23YrQVZd2RE=
github.com/go-telegram-bot-api/telegram-bot-api/v5 v5.5.1 h1:wG8n/XJQ07TmjbITcGiUaOtXxdrINDz1b0J1w0SzqDc=
github.com/go-telegram-bot-api/telegram-bot-api/v5 v5.5.1/go.mod h1:A2S0CWkNylc2phvKXWBBdD3K0iGnDBGbzRpISP2zBl8=
github.com/golang-collections/collections v0.0.0-20130729185459-604e922904d3 h1:zN2lZNZRflqFyxVaTIU61KNKQ9C0055u9CAfpmqUvo4=
github.com/golang-collections/collections v0.0.0-20130729185459-604e922904d3/go.mod h1:nPpo7qLxd6XL3hWJG/O60sR8ZKfMCiIoNap5GvD12KU=
golang.org/x/exp v0.0.0-20221110155412-d0897a79cd37 h1:wKMvZzBFHbOCGvF2OmxR5Fqv/jDlkt7slnPz5ejEU8A=
golang.org/x/exp v0.0.0-20221110155412-d0897a79cd37/go.mod h1:CxIveKay+FTh1D0yPZemJVgC/95VzuuOLq5Qi4xnoYc=
